
Microsoft Visual Studio Solution File, Format Version 12.00
# Visual Studio Version 17
VisualStudioVersion = 17.5.002.0
MinimumVisualStudioVersion = 10.0.40219.1
Project("{9A19103F-16F7-4668-BE54-9A1E7A4F7556}") = "lesson2HandsOn", "lesson2HandsOn.csproj", "{7CFEAAEA-C15D-4D86-99EB-5BE05EDACAD8}"
EndProject
Global
	GlobalSection(SolutionConfigurationPlatforms) = preSolution
		Debug|Any CPU = Debug|Any CPU
		Release|Any CPU = Release|Any CPU
	EndGlobalSection
	GlobalSection(ProjectConfigurationPlatforms) = postSolution
		{7CFEAAEA-C15D-4D86-99EB-5BE05EDACAD8}.Debug|Any CPU.ActiveCfg = Debug|Any CPU
		{7CFEAAEA-C15D-4D86-99EB-5BE05EDACAD8}.Debug|Any CPU.Build.0 = Debug|Any CPU
		{7CFEAAEA-C15D-4D86-99EB-5BE05EDACAD8}.Release|Any CPU.ActiveCfg = Release|Any CPU
		{7CFEAAEA-C15D-4D86-99EB-5BE05EDACAD8}.Release|Any CPU.Build.0 = Release|Any CPU
	EndGlobalSection
	GlobalSection(SolutionProperties) = preSolution
		HideSolutionNode = FALSE
	EndGlobalSection
	GlobalSection(ExtensibilityGlobals) = postSolution
		SolutionGuid = {8E8CD059-C696-489E-BA37-AEACE6CB0A81}
	EndGlobalSection
EndGlobal
